// !$*UTF8*$!
{
	archiveVersion = 1;
	classes = {
	};
	objectVersion = 56;
	objects = {

/* Begin PBXBuildFile section */
		5E4AE1FC2B0728810021BAAF /* SetsApp.swift in Sources */ = {isa = PBXBuildFile; fileRef = 5E4AE1FB2B0728810021BAAF /* SetsApp.swift */; };
		5E4AE1FE2B0728810021BAAF /* Persistence.swift in Sources */ = {isa = PBXBuildFile; fileRef = 5E4AE1FD2B0728810021BAAF /* Persistence.swift */; };
		5E4AE2012B0728810021BAAF /* Sets.xcdatamodeld in Sources */ = {isa = PBXBuildFile; fileRef = 5E4AE1FF2B0728810021BAAF /* Sets.xcdatamodeld */; };
		5E4AE2032B0728810021BAAF /* ContentView.swift in Sources */ = {isa = PBXBuildFile; fileRef = 5E4AE2022B0728810021BAAF /* ContentView.swift */; };
		5E4AE2052B0728820021BAAF /* Assets.xcassets in Resources */ = {isa = PBXBuildFile; fileRef = 5E4AE2042B0728820021BAAF /* Assets.xcassets */; };
		5E4AE2092B0728820021BAAF /* Preview Assets.xcassets in Resources */ = {isa = PBXBuildFile; fileRef = 5E4AE2082B0728820021BAAF /* Preview Assets.xcassets */; };
		5E4AE2132B0728820021BAAF /* SetsTests.swift in Sources */ = {isa = PBXBuildFile; fileRef = 5E4AE2122B0728820021BAAF /* SetsTests.swift */; };
		5E4AE21D2B0728820021BAAF /* SetsUITests.swift in Sources */ = {isa = PBXBuildFile; fileRef = 5E4AE21C2B0728820021BAAF /* SetsUITests.swift */; };
		5E4AE21F2B0728820021BAAF /* SetsUITestsLaunchTests.swift in Sources */ = {isa = PBXBuildFile; fileRef = 5E4AE21E2B0728820021BAAF /* SetsUITestsLaunchTests.swift */; };
		5E4AE22C2B07289B0021BAAF /* SetFindingView.swift in Sources */ = {isa = PBXBuildFile; fileRef = 5E4AE22B2B07289B0021BAAF /* SetFindingView.swift */; };
		5E4AE22E2B0728C20021BAAF /* ObjectDetector.swift in Sources */ = {isa = PBXBuildFile; fileRef = 5E4AE22D2B0728C20021BAAF /* ObjectDetector.swift */; };
		5E4AE2312B072D460021BAAF /* Algorithms in Frameworks */ = {isa = PBXBuildFile; productRef = 5E4AE2302B072D460021BAAF /* Algorithms */; };
		5E4AE2332B073AE90021BAAF /* MyObjectDetector.mlmodel in Sources */ = {isa = PBXBuildFile; fileRef = 5E4AE2322B073AE90021BAAF /* MyObjectDetector.mlmodel */; };
/* End PBXBuildFile section */

/* Begin PBXContainerItemProxy section */
		5E4AE20F2B0728820021BAAF /* PBXContainerItemProxy */ = {
			isa = PBXContainerItemProxy;
			containerPortal = 5E4AE1F02B0728810021BAAF /* Project object */;
			proxyType = 1;
			remoteGlobalIDString = 5E4AE1F72B0728810021BAAF;
			remoteInfo = Sets;
		};
		5E4AE2192B0728820021BAAF /* PBXContainerItemProxy */ = {
			isa = PBXContainerItemProxy;
			containerPortal = 5E4AE1F02B0728810021BAAF /* Project object */;
			proxyType = 1;
			remoteGlobalIDString = 5E4AE1F72B0728810021BAAF;
			remoteInfo = Sets;
		};
/* End PBXContainerItemProxy section */

/* Begin PBXFileReference section */
		5E4AE1F82B0728810021BAAF /* Sets.app */ = {isa = PBXFileReference; explicitFileType = wrapper.application; includeInIndex = 0; path = Sets.app; sourceTree = BUILT_PRODUCTS_DIR; };
		5E4AE1FB2B0728810021BAAF /* SetsApp.swift */ = {isa = PBXFileReference; lastKnownFileType = sourcecode.swift; path = SetsApp.swift; sourceTree = "<group>"; };
		5E4AE1FD2B0728810021BAAF /* Persistence.swift */ = {isa = PBXFileReference; lastKnownFileType = sourcecode.swift; path = Persistence.swift; sourceTree = "<group>"; };
		5E4AE2002B0728810021BAAF /* Sets.xcdatamodel */ = {isa = PBXFileReference; lastKnownFileType = wrapper.xcdatamodel; path = Sets.xcdatamodel; sourceTree = "<group>"; };
		5E4AE2022B0728810021BAAF /* ContentView.swift */ = {isa = PBXFileReference; lastKnownFileType = sourcecode.swift; path = ContentView.swift; sourceTree = "<group>"; };
		5E4AE2042B0728820021BAAF /* Assets.xcassets */ = {isa = PBXFileReference; lastKnownFileType = folder.assetcatalog; path = Assets.xcassets; sourceTree = "<group>"; };
		5E4AE2062B0728820021BAAF /* Sets.entitlements */ = {isa = PBXFileReference; lastKnownFileType = text.plist.entitlements; path = Sets.entitlements; sourceTree = "<group>"; };
		5E4AE2082B0728820021BAAF /* Preview Assets.xcassets */ = {isa = PBXFileReference; lastKnownFileType = folder.assetcatalog; path = "Preview Assets.xcassets"; sourceTree = "<group>"; };
		5E4AE20E2B0728820021BAAF /* SetsTests.xctest */ = {isa = PBXFileReference; explicitFileType = wrapper.cfbundle; includeInIndex = 0; path = SetsTests.xctest; sourceTree = BUILT_PRODUCTS_DIR; };
		5E4AE2122B0728820021BAAF /* SetsTests.swift */ = {isa = PBXFileReference; lastKnownFileType = sourcecode.swift; path = SetsTests.swift; sourceTree = "<group>"; };
		5E4AE2182B0728820021BAAF /* SetsUITests.xctest */ = {isa = PBXFileReference; explicitFileType = wrapper.cfbundle; includeInIndex = 0; path = SetsUITests.xctest; sourceTree = BUILT_PRODUCTS_DIR; };
		5E4AE21C2B0728820021BAAF /* SetsUITests.swift */ = {isa = PBXFileReference; lastKnownFileType = sourcecode.swift; path = SetsUITests.swift; sourceTree = "<group>"; };
		5E4AE21E2B0728820021BAAF /* SetsUITestsLaunchTests.swift */ = {isa = PBXFileReference; lastKnownFileType = sourcecode.swift; path = SetsUITestsLaunchTests.swift; sourceTree = "<group>"; };
		5E4AE22B2B07289B0021BAAF /* SetFindingView.swift */ = {isa = PBXFileReference; lastKnownFileType = sourcecode.swift; path = SetFindingView.swift; sourceTree = "<group>"; };
		5E4AE22D2B0728C20021BAAF /* ObjectDetector.swift */ = {isa = PBXFileReference; lastKnownFileType = sourcecode.swift; path = ObjectDetector.swift; sourceTree = "<group>"; };
		5E4AE2322B073AE90021BAAF /* MyObjectDetector.mlmodel */ = {isa = PBXFileReference; lastKnownFileType = file.mlmodel; name = MyObjectDetector.mlmodel; path = ../../TheSetDataSet/MyObjectDetector.mlmodel; sourceTree = "<group>"; };
/* End PBXFileReference section */

/* Begin PBXFrameworksBuildPhase section */
		5E4AE1F52B0728810021BAAF /* Frameworks */ = {
			isa = PBXFrameworksBuildPhase;
			buildActionMask = 2147483647;
			files = (
				5E4AE2312B072D460021BAAF /* Algorithms in Frameworks */,
			);
			runOnlyForDeploymentPostprocessing = 0;
		};
		5E4AE20B2B0728820021BAAF /* Frameworks */ = {
			isa = PBXFrameworksBuildPhase;
			buildActionMask = 2147483647;
			files = (
			);
			runOnlyForDeploymentPostprocessing = 0;
		};
		5E4AE2152B0728820021BAAF /* Frameworks */ = {
			isa = PBXFrameworksBuildPhase;
			buildActionMask = 2147483647;
			files = (
			);
			runOnlyForDeploymentPostprocessing = 0;
		};
/* End PBXFrameworksBuildPhase section */

/* Begin PBXGroup section */
		5E4AE1EF2B0728810021BAAF = {
			isa = PBXGroup;
			children = (
				5E4AE1FA2B0728810021BAAF /* Sets */,
				5E4AE2112B0728820021BAAF /* SetsTests */,
				5E4AE21B2B0728820021BAAF /* SetsUITests */,
				5E4AE1F92B0728810021BAAF /* Products */,
			);
			sourceTree = "<group>";
		};
		5E4AE1F92B0728810021BAAF /* Products */ = {
			isa = PBXGroup;
			children = (
				5E4AE1F82B0728810021BAAF /* Sets.app */,
				5E4AE20E2B0728820021BAAF /* SetsTests.xctest */,
				5E4AE2182B0728820021BAAF /* SetsUITests.xctest */,
			);
			name = Products;
			sourceTree = "<group>";
		};
		5E4AE1FA2B0728810021BAAF /* Sets */ = {
			isa = PBXGroup;
			children = (
				5E4AE2322B073AE90021BAAF /* MyObjectDetector.mlmodel */,
				5E4AE1FB2B0728810021BAAF /* SetsApp.swift */,
				5E4AE1FD2B0728810021BAAF /* Persistence.swift */,
				5E4AE2022B0728810021BAAF /* ContentView.swift */,
				5E4AE22B2B07289B0021BAAF /* SetFindingView.swift */,
				5E4AE22D2B0728C20021BAAF /* ObjectDetector.swift */,
				5E4AE2042B0728820021BAAF /* Assets.xcassets */,
				5E4AE2062B0728820021BAAF /* Sets.entitlements */,
				5E4AE1FF2B0728810021BAAF /* Sets.xcdatamodeld */,
				5E4AE2072B0728820021BAAF /* Preview Content */,
			);
			path = Sets;
			sourceTree = "<group>";
		};
		5E4AE2072B0728820021BAAF /* Preview Content */ = {
			isa = PBXGroup;
			children = (
				5E4AE2082B0728820021BAAF /* Preview Assets.xcassets */,
			);
			path = "Preview Content";
			sourceTree = "<group>";
		};
		5E4AE2112B0728820021BAAF /* SetsTests */ = {
			isa = PBXGroup;
			children = (
				5E4AE2122B0728820021BAAF /* SetsTests.swift */,
			);
			path = SetsTests;
			sourceTree = "<group>";
		};
		5E4AE21B2B0728820021BAAF /* SetsUITests */ = {
			isa = PBXGroup;
			children = (
				5E4AE21C2B0728820021BAAF /* SetsUITests.swift */,
				5E4AE21E2B0728820021BAAF /* SetsUITestsLaunchTests.swift */,
			);
			path = SetsUITests;
			sourceTree = "<group>";
		};
/* End PBXGroup section */

/* Begin PBXNativeTarget section */
		5E4AE1F72B0728810021BAAF /* Sets */ = {
			isa = PBXNativeTarget;
			buildConfigurationList = 5E4AE2222B0728820021BAAF /* Build configuration list for PBXNativeTarget "Sets" */;
			buildPhases = (
				5E4AE1F42B0728810021BAAF /* Sources */,
				5E4AE1F52B0728810021BAAF /* Frameworks */,
				5E4AE1F62B0728810021BAAF /* Resources */,
			);
			buildRules = (
			);
			dependencies = (
			);
			name = Sets;
			packageProductDependencies = (
				5E4AE2302B072D460021BAAF /* Algorithms */,
			);
			productName = Sets;
			productReference = 5E4AE1F82B0728810021BAAF /* Sets.app */;
			productType = "com.apple.product-type.application";
		};
		5E4AE20D2B0728820021BAAF /* SetsTests */ = {
			isa = PBXNativeTarget;
			buildConfigurationList = 5E4AE2252B0728820021BAAF /* Build configuration list for PBXNativeTarget "SetsTests" */;
			buildPhases = (
				5E4AE20A2B0728820021BAAF /* Sources */,
				5E4AE20B2B0728820021BAAF /* Frameworks */,
				5E4AE20C2B0728820021BAAF /* Resources */,
			);
			buildRules = (
			);
			dependencies = (
				5E4AE2102B0728820021BAAF /* PBXTargetDependency */,
			);
			name = SetsTests;
			productName = SetsTests;
			productReference = 5E4AE20E2B0728820021BAAF /* SetsTests.xctest */;
			productType = "com.apple.product-type.bundle.unit-test";
		};
		5E4AE2172B0728820021BAAF /* SetsUITests */ = {
			isa = PBXNativeTarget;
			buildConfigurationList = 5E4AE2282B0728820021BAAF /* Build configuration list for PBXNativeTarget "SetsUITests" */;
			buildPhases = (
				5E4AE2142B0728820021BAAF /* Sources */,
				5E4AE2152B0728820021BAAF /* Frameworks */,
				5E4AE2162B0728820021BAAF /* Resources */,
			);
			buildRules = (
			);
			dependencies = (
				5E4AE21A2B0728820021BAAF /* PBXTargetDependency */,
			);
			name = SetsUITests;
			productName = SetsUITests;
			productReference = 5E4AE2182B0728820021BAAF /* SetsUITests.xctest */;
			productType = "com.apple.product-type.bundle.ui-testing";
		};
/* End PBXNativeTarget section */

/* Begin PBXProject section */
		5E4AE1F02B0728810021BAAF /* Project object */ = {
			isa = PBXProject;
			attributes = {
				BuildIndependentTargetsInParallel = 1;
				LastSwiftUpdateCheck = 1430;
				LastUpgradeCheck = 1430;
				TargetAttributes = {
					5E4AE1F72B0728810021BAAF = {
						CreatedOnToolsVersion = 14.3.1;
					};
					5E4AE20D2B0728820021BAAF = {
						CreatedOnToolsVersion = 14.3.1;
						TestTargetID = 5E4AE1F72B0728810021BAAF;
					};
					5E4AE2172B0728820021BAAF = {
						CreatedOnToolsVersion = 14.3.1;
						TestTargetID = 5E4AE1F72B0728810021BAAF;
					};
				};
			};
			buildConfigurationList = 5E4AE1F32B0728810021BAAF /* Build configuration list for PBXProject "Sets" */;
			compatibilityVersion = "Xcode 14.0";
			developmentRegion = en;
			hasScannedForEncodings = 0;
			knownRegions = (
				en,
				Base,
			);
			mainGroup = 5E4AE1EF2B0728810021BAAF;
			packageReferences = (
				5E4AE22F2B072D460021BAAF /* XCRemoteSwiftPackageReference "swift-algorithms" */,
			);
			productRefGroup = 5E4AE1F92B0728810021BAAF /* Products */;
			projectDirPath = "";
			projectRoot = "";
			targets = (
				5E4AE1F72B0728810021BAAF /* Sets */,
				5E4AE20D2B0728820021BAAF /* SetsTests */,
				5E4AE2172B0728820021BAAF /* SetsUITests */,
			);
		};
/* End PBXProject section */

/* Begin PBXResourcesBuildPhase section */
		5E4AE1F62B0728810021BAAF /* Resources */ = {
			isa = PBXResourcesBuildPhase;
			buildActionMask = 2147483647;
			files = (
				5E4AE2092B0728820021BAAF /* Preview Assets.xcassets in Resources */,
				5E4AE2052B0728820021BAAF /* Assets.xcassets in Resources */,
			);
			runOnlyForDeploymentPostprocessing = 0;
		};
		5E4AE20C2B0728820021BAAF /* Resources */ = {
			isa = PBXResourcesBuildPhase;
			buildActionMask = 2147483647;
			files = (
			);
			runOnlyForDeploymentPostprocessing = 0;
		};
		5E4AE2162B0728820021BAAF /* Resources */ = {
			isa = PBXResourcesBuildPhase;
			buildActionMask = 2147483647;
			files = (
			);
			runOnlyForDeploymentPostprocessing = 0;
		};
/* End PBXResourcesBuildPhase section */

/* Begin PBXSourcesBuildPhase section */
		5E4AE1F42B0728810021BAAF /* Sources */ = {
			isa = PBXSourcesBuildPhase;
			buildActionMask = 2147483647;
			files = (
				5E4AE22E2B0728C20021BAAF /* ObjectDetector.swift in Sources */,
				5E4AE1FC2B0728810021BAAF /* SetsApp.swift in Sources */,
				5E4AE2012B0728810021BAAF /* Sets.xcdatamodeld in Sources */,
				5E4AE2032B0728810021BAAF /* ContentView.swift in Sources */,
				5E4AE1FE2B0728810021BAAF /* Persistence.swift in Sources */,
				5E4AE2332B073AE90021BAAF /* MyObjectDetector.mlmodel in Sources */,
				5E4AE22C2B07289B0021BAAF /* SetFindingView.swift in Sources */,
			);
			runOnlyForDeploymentPostprocessing = 0;
		};
		5E4AE20A2B0728820021BAAF /* Sources */ = {
			isa = PBXSourcesBuildPhase;
			buildActionMask = 2147483647;
			files = (
				5E4AE2132B0728820021BAAF /* SetsTests.swift in Sources */,
			);
			runOnlyForDeploymentPostprocessing = 0;
		};
		5E4AE2142B0728820021BAAF /* Sources */ = {
			isa = PBXSourcesBuildPhase;
			buildActionMask = 2147483647;
			files = (
				5E4AE21D2B0728820021BAAF /* SetsUITests.swift in Sources */,
				5E4AE21F2B0728820021BAAF /* SetsUITestsLaunchTests.swift in Sources */,
			);
			runOnlyForDeploymentPostprocessing = 0;
		};
/* End PBXSourcesBuildPhase section */

/* Begin PBXTargetDependency section */
		5E4AE2102B0728820021BAAF /* PBXTargetDependency */ = {
			isa = PBXTargetDependency;
			target = 5E4AE1F72B0728810021BAAF /* Sets */;
			targetProxy = 5E4AE20F2B0728820021BAAF /* PBXContainerItemProxy */;
		};
		5E4AE21A2B0728820021BAAF /* PBXTargetDependency */ = {
			isa = PBXTargetDependency;
			target = 5E4AE1F72B0728810021BAAF /* Sets */;
			targetProxy = 5E4AE2192B0728820021BAAF /* PBXContainerItemProxy */;
		};
/* End PBXTargetDependency section */

/* Begin XCBuildConfiguration section */
		5E4AE2202B0728820021BAAF /* Debug */ = {
			isa = XCBuildConfiguration;
			buildSettings = {
				ALWAYS_SEARCH_USER_PATHS = NO;
				CLANG_ANALYZER_NONNULL = YES;
				CLANG_ANALYZER_NUMBER_OBJECT_CONVERSION = YES_AGGRESSIVE;
				CLANG_CXX_LANGUAGE_STANDARD = "gnu++20";
				CLANG_ENABLE_MODULES = YES;
				CLANG_ENABLE_OBJC_ARC = YES;
				CLANG_ENABLE_OBJC_WEAK = YES;
				CLANG_WARN_BLOCK_CAPTURE_AUTORELEASING = YES;
				CLANG_WARN_BOOL_CONVERSION = YES;
				CLANG_WARN_COMMA = YES;
				CLANG_WARN_CONSTANT_CONVERSION = YES;
				CLANG_WARN_DEPRECATED_OBJC_IMPLEMENTATIONS = YES;
				CLANG_WARN_DIRECT_OBJC_ISA_USAGE = YES_ERROR;
				CLANG_WARN_DOCUMENTATION_COMMENTS = YES;
				CLANG_WARN_EMPTY_BODY = YES;
				CLANG_WARN_ENUM_CONVERSION = YES;
				CLANG_WARN_INFINITE_RECURSION = YES;
				CLANG_WARN_INT_CONVERSION = YES;
				CLANG_WARN_NON_LITERAL_NULL_CONVERSION = YES;
				CLANG_WARN_OBJC_IMPLICIT_RETAIN_SELF = YES;
				CLANG_WARN_OBJC_LITERAL_CONVERSION = YES;
				CLANG_WARN_OBJC_ROOT_CLASS = YES_ERROR;
				CLANG_WARN_QUOTED_INCLUDE_IN_FRAMEWORK_HEADER = YES;
				CLANG_WARN_RANGE_LOOP_ANALYSIS = YES;
				CLANG_WARN_STRICT_PROTOTYPES = YES;
				CLANG_WARN_SUSPICIOUS_MOVE = YES;
				CLANG_WARN_UNGUARDED_AVAILABILITY = YES_AGGRESSIVE;
				CLANG_WARN_UNREACHABLE_CODE = YES;
				CLANG_WARN__DUPLICATE_METHOD_MATCH = YES;
				COPY_PHASE_STRIP = NO;
				DEBUG_INFORMATION_FORMAT = dwarf;
				ENABLE_STRICT_OBJC_MSGSEND = YES;
				ENABLE_TESTABILITY = YES;
				GCC_C_LANGUAGE_STANDARD = gnu11;
				GCC_DYNAMIC_NO_PIC = NO;
				GCC_NO_COMMON_BLOCKS = YES;
				GCC_OPTIMIZATION_LEVEL = 0;
				GCC_PREPROCESSOR_DEFINITIONS = (
					"DEBUG=1",
					"$(inherited)",
				);
				GCC_WARN_64_TO_32_BIT_CONVERSION = YES;
				GCC_WARN_ABOUT_RETURN_TYPE = YES_ERROR;
				GCC_WARN_UNDECLARED_SELECTOR = YES;
				GCC_WARN_UNINITIALIZED_AUTOS = YES_AGGRESSIVE;
				GCC_WARN_UNUSED_FUNCTION = YES;
				GCC_WARN_UNUSED_VARIABLE = YES;
				MTL_ENABLE_DEBUG_INFO = INCLUDE_SOURCE;
				MTL_FAST_MATH = YES;
				ONLY_ACTIVE_ARCH = YES;
				SWIFT_ACTIVE_COMPILATION_CONDITIONS = DEBUG;
				SWIFT_OPTIMIZATION_LEVEL = "-Onone";
			};
			name = Debug;
		};
		5E4AE2212B0728820021BAAF /* Release */ = {
			isa = XCBuildConfiguration;
			buildSettings = {
				ALWAYS_SEARCH_USER_PATHS = NO;
				CLANG_ANALYZER_NONNULL = YES;
				CLANG_ANALYZER_NUMBER_OBJECT_CONVERSION = YES_AGGRESSIVE;
				CLANG_CXX_LANGUAGE_STANDARD = "gnu++20";
				CLANG_ENABLE_MODULES = YES;
				CLANG_ENABLE_OBJC_ARC = YES;
				CLANG_ENABLE_OBJC_WEAK = YES;
				CLANG_WARN_BLOCK_CAPTURE_AUTORELEASING = YES;
				CLANG_WARN_BOOL_CONVERSION = YES;
				CLANG_WARN_COMMA = YES;
				CLANG_WARN_CONSTANT_CONVERSION = YES;
				CLANG_WARN_DEPRECATED_OBJC_IMPLEMENTATIONS = YES;
				CLANG_WARN_DIRECT_OBJC_ISA_USAGE = YES_ERROR;
				CLANG_WARN_DOCUMENTATION_COMMENTS = YES;
				CLANG_WARN_EMPTY_BODY = YES;
				CLANG_WARN_ENUM_CONVERSION = YES;
				CLANG_WARN_INFINITE_RECURSION = YES;
				CLANG_WARN_INT_CONVERSION = YES;
				CLANG_WARN_NON_LITERAL_NULL_CONVERSION = YES;
				CLANG_WARN_OBJC_IMPLICIT_RETAIN_SELF = YES;
				CLANG_WARN_OBJC_LITERAL_CONVERSION = YES;
				CLANG_WARN_OBJC_ROOT_CLASS = YES_ERROR;
				CLANG_WARN_QUOTED_INCLUDE_IN_FRAMEWORK_HEADER = YES;
				CLANG_WARN_RANGE_LOOP_ANALYSIS = YES;
				CLANG_WARN_STRICT_PROTOTYPES = YES;
				CLANG_WARN_SUSPICIOUS_MOVE = YES;
				CLANG_WARN_UNGUARDED_AVAILABILITY = YES_AGGRESSIVE;
				CLANG_WARN_UNREACHABLE_CODE = YES;
				CLANG_WARN__DUPLICATE_METHOD_MATCH = YES;
				COPY_PHASE_STRIP = NO;
				DEBUG_INFORMATION_FORMAT = "dwarf-with-dsym";
				ENABLE_NS_ASSERTIONS = NO;
				ENABLE_STRICT_OBJC_MSGSEND = YES;
				GCC_C_LANGUAGE_STANDARD = gnu11;
				GCC_NO_COMMON_BLOCKS = YES;
				GCC_WARN_64_TO_32_BIT_CONVERSION = YES;
				GCC_WARN_ABOUT_RETURN_TYPE = YES_ERROR;
				GCC_WARN_UNDECLARED_SELECTOR = YES;
				GCC_WARN_UNINITIALIZED_AUTOS = YES_AGGRESSIVE;
				GCC_WARN_UNUSED_FUNCTION = YES;
				GCC_WARN_UNUSED_VARIABLE = YES;
				MTL_ENABLE_DEBUG_INFO = NO;
				MTL_FAST_MATH = YES;
				SWIFT_COMPILATION_MODE = wholemodule;
				SWIFT_OPTIMIZATION_LEVEL = "-O";
			};
			name = Release;
		};
		5E4AE2232B0728820021BAAF /* Debug */ = {
			isa = XCBuildConfiguration;
			buildSettings = {
				ASSETCATALOG_COMPILER_APPICON_NAME = AppIcon;
				ASSETCATALOG_COMPILER_GLOBAL_ACCENT_COLOR_NAME = AccentColor;
				CODE_SIGN_ENTITLEMENTS = Sets/Sets.entitlements;
				CODE_SIGN_STYLE = Automatic;
				CURRENT_PROJECT_VERSION = 1;
				DEVELOPMENT_ASSET_PATHS = "\"Sets/Preview Content\"";
				ENABLE_PREVIEWS = YES;
				GENERATE_INFOPLIST_FILE = YES;
				"INFOPLIST_KEY_UIApplicationSceneManifest_Generation[sdk=iphoneos*]" = YES;
				"INFOPLIST_KEY_UIApplicationSceneManifest_Generation[sdk=iphonesimulator*]" = YES;
				"INFOPLIST_KEY_UIApplicationSupportsIndirectInputEvents[sdk=iphoneos*]" = YES;
				"INFOPLIST_KEY_UIApplicationSupportsIndirectInputEvents[sdk=iphonesimulator*]" = YES;
				"INFOPLIST_KEY_UILaunchScreen_Generation[sdk=iphoneos*]" = YES;
				"INFOPLIST_KEY_UILaunchScreen_Generation[sdk=iphonesimulator*]" = YES;
				"INFOPLIST_KEY_UIStatusBarStyle[sdk=iphoneos*]" = UIStatusBarStyleDefault;
				"INFOPLIST_KEY_UIStatusBarStyle[sdk=iphonesimulator*]" = UIStatusBarStyleDefault;
				INFOPLIST_KEY_UISupportedInterfaceOrientations_iPad = "UIInterfaceOrientationPortrait UIInterfaceOrientationPortraitUpsideDown UIInterfaceOrientationLandscapeLeft UIInterfaceOrientationLandscapeRight";
				INFOPLIST_KEY_UISupportedInterfaceOrientations_iPhone = "UIInterfaceOrientationPortrait UIInterfaceOrientationLandscapeLeft UIInterfaceOrientationLandscapeRight";
				IPHONEOS_DEPLOYMENT_TARGET = 16.4;
				LD_RUNPATH_SEARCH_PATHS = "@executable_path/Frameworks";
				"LD_RUNPATH_SEARCH_PATHS[sdk=macosx*]" = "@executable_path/../Frameworks";
				MACOSX_DEPLOYMENT_TARGET = 13.3;
				MARKETING_VERSION = 1.0;
				PRODUCT_BUNDLE_IDENTIFIER = hk.edu.hkbu.comp.Sets;
				PRODUCT_NAME = "$(TARGET_NAME)";
				SDKROOT = auto;
				SUPPORTED_PLATFORMS = "iphoneos iphonesimulator macosx";
				SWIFT_EMIT_LOC_STRINGS = YES;
				SWIFT_VERSION = 5.0;
				TARGETED_DEVICE_FAMILY = "1,2";
			};
			name = Debug;
		};
		5E4AE2242B0728820021BAAF /* Release */ = {
			isa = XCBuildConfiguration;
			buildSettings = {
				ASSETCATALOG_COMPILER_APPICON_NAME = AppIcon;
				ASSETCATALOG_COMPILER_GLOBAL_ACCENT_COLOR_NAME = AccentColor;
				CODE_SIGN_ENTITLEMENTS = Sets/Sets.entitlements;
				CODE_SIGN_STYLE = Automatic;
				CURRENT_PROJECT_VERSION = 1;
				DEVELOPMENT_ASSET_PATHS = "\"Sets/Preview Content\"";
				ENABLE_PREVIEWS = YES;
				GENERATE_INFOPLIST_FILE = YES;
				"INFOPLIST_KEY_UIApplicationSceneManifest_Generation[sdk=iphoneos*]" = YES;
				"INFOPLIST_KEY_UIApplicationSceneManifest_Generation[sdk=iphonesimulator*]" = YES;
				"INFOPLIST_KEY_UIApplicationSupportsIndirectInputEvents[sdk=iphoneos*]" = YES;
				"INFOPLIST_KEY_UIApplicationSupportsIndirectInputEvents[sdk=iphonesimulator*]" = YES;
				"INFOPLIST_KEY_UILaunchScreen_Generation[sdk=iphoneos*]" = YES;
				"INFOPLIST_KEY_UILaunchScreen_Generation[sdk=iphonesimulator*]" = YES;
				"INFOPLIST_KEY_UIStatusBarStyle[sdk=iphoneos*]" = UIStatusBarStyleDefault;
				"INFOPLIST_KEY_UIStatusBarStyle[sdk=iphonesimulator*]" = UIStatusBarStyleDefault;
				INFOPLIST_KEY_UISupportedInterfaceOrientations_iPad = "UIInterfaceOrientationPortrait UIInterfaceOrientationPortraitUpsideDown UIInterfaceOrientationLandscapeLeft UIInterfaceOrientationLandscapeRight";
				INFOPLIST_KEY_UISupportedInterfaceOrientations_iPhone = "UIInterfaceOrientationPortrait UIInterfaceOrientationLandscapeLeft UIInterfaceOrientationLandscapeRight";
				IPHONEOS_DEPLOYMENT_TARGET = 16.4;
				LD_RUNPATH_SEARCH_PATHS = "@executable_path/Frameworks";
				"LD_RUNPATH_SEARCH_PATHS[sdk=macosx*]" = "@executable_path/../Frameworks";
				MACOSX_DEPLOYMENT_TARGET = 13.3;
				MARKETING_VERSION = 1.0;
				PRODUCT_BUNDLE_IDENTIFIER = hk.edu.hkbu.comp.Sets;
				PRODUCT_NAME = "$(TARGET_NAME)";
				SDKROOT = auto;
				SUPPORTED_PLATFORMS = "iphoneos iphonesimulator macosx";
				SWIFT_EMIT_LOC_STRINGS = YES;
				SWIFT_VERSION = 5.0;
				TARGETED_DEVICE_FAMILY = "1,2";
			};
			name = Release;
		};
		5E4AE2262B0728820021BAAF /* Debug */ = {
			isa = XCBuildConfiguration;
			buildSettings = {
				ALWAYS_EMBED_SWIFT_STANDARD_LIBRARIES = YES;
				BUNDLE_LOADER = "$(TEST_HOST)";
				CODE_SIGN_STYLE = Automatic;
				CURRENT_PROJECT_VERSION = 1;
				GENERATE_INFOPLIST_FILE = YES;
				IPHONEOS_DEPLOYMENT_TARGET = 16.4;
				MACOSX_DEPLOYMENT_TARGET = 13.3;
				MARKETING_VERSION = 1.0;
				PRODUCT_BUNDLE_IDENTIFIER = hk.edu.hkbu.comp.SetsTests;
				PRODUCT_NAME = "$(TARGET_NAME)";
				SDKROOT = auto;
				SUPPORTED_PLATFORMS = "iphoneos iphonesimulator macosx";
				SWIFT_EMIT_LOC_STRINGS = NO;
				SWIFT_VERSION = 5.0;
				TARGETED_DEVICE_FAMILY = "1,2";
				TEST_HOST = "$(BUILT_PRODUCTS_DIR)/Sets.app/$(BUNDLE_EXECUTABLE_FOLDER_PATH)/Sets";
			};
			name = Debug;
		};
		5E4AE2272B0728820021BAAF /* Release */ = {
			isa = XCBuildConfiguration;
			buildSettings = {
				ALWAYS_EMBED_SWIFT_STANDARD_LIBRARIES = YES;
				BUNDLE_LOADER = "$(TEST_HOST)";
				CODE_SIGN_STYLE = Automatic;
				CURRENT_PROJECT_VERSION = 1;
				GENERATE_INFOPLIST_FILE = YES;
				IPHONEOS_DEPLOYMENT_TARGET = 16.4;
				MACOSX_DEPLOYMENT_TARGET = 13.3;
				MARKETING_VERSION = 1.0;
				PRODUCT_BUNDLE_IDENTIFIER = hk.edu.hkbu.comp.SetsTests;
				PRODUCT_NAME = "$(TARGET_NAME)";
				SDKROOT = auto;
				SUPPORTED_PLATFORMS = "iphoneos iphonesimulator macosx";
				SWIFT_EMIT_LOC_STRINGS = NO;
				SWIFT_VERSION = 5.0;
				TARGETED_DEVICE_FAMILY = "1,2";
				TEST_HOST = "$(BUILT_PRODUCTS_DIR)/Sets.app/$(BUNDLE_EXECUTABLE_FOLDER_PATH)/Sets";
			};
			name = Release;
		};
		5E4AE2292B0728820021BAAF /* Debug */ = {
			isa = XCBuildConfiguration;
			buildSettings = {
				ALWAYS_EMBED_SWIFT_STANDARD_LIBRARIES = YES;
				CODE_SIGN_STYLE = Automatic;
				CURRENT_PROJECT_VERSION = 1;
				GENERATE_INFOPLIST_FILE = YES;
				IPHONEOS_DEPLOYMENT_TARGET = 16.4;
				MACOSX_DEPLOYMENT_TARGET = 13.3;
				MARKETING_VERSION = 1.0;
				PRODUCT_BUNDLE_IDENTIFIER = hk.edu.hkbu.comp.SetsUITests;
				PRODUCT_NAME = "$(TARGET_NAME)";
				SDKROOT = auto;
				SUPPORTED_PLATFORMS = "iphoneos iphonesimulator macosx";
				SWIFT_EMIT_LOC_STRINGS = NO;
				SWIFT_VERSION = 5.0;
				TARGETED_DEVICE_FAMILY = "1,2";
				TEST_TARGET_NAME = Sets;
			};
			name = Debug;
		};
		5E4AE22A2B0728820021BAAF /* Release */ = {
			isa = XCBuildConfiguration;
			buildSettings = {
				ALWAYS_EMBED_SWIFT_STANDARD_LIBRARIES = YES;
				CODE_SIGN_STYLE = Automatic;
				CURRENT_PROJECT_VERSION = 1;
				GENERATE_INFOPLIST_FILE = YES;
				IPHONEOS_DEPLOYMENT_TARGET = 16.4;
				MACOSX_DEPLOYMENT_TARGET = 13.3;
				MARKETING_VERSION = 1.0;
				PRODUCT_BUNDLE_IDENTIFIER = hk.edu.hkbu.comp.SetsUITests;
				PRODUCT_NAME = "$(TARGET_NAME)";
				SDKROOT = auto;
				SUPPORTED_PLATFORMS = "iphoneos iphonesimulator macosx";
				SWIFT_EMIT_LOC_STRINGS = NO;
				SWIFT_VERSION = 5.0;
				TARGETED_DEVICE_FAMILY = "1,2";
				TEST_TARGET_NAME = Sets;
			};
			name = Release;
		};
/* End XCBuildConfiguration section */

/* Begin XCConfigurationList section */
		5E4AE1F32B0728810021BAAF /* Build configuration list for PBXProject "Sets" */ = {
			isa = XCConfigurationList;
			buildConfigurations = (
				5E4AE2202B0728820021BAAF /* Debug */,
				5E4AE2212B0728820021BAAF /* Release */,
			);
			defaultConfigurationIsVisible = 0;
			defaultConfigurationName = Release;
		};
		5E4AE2222B0728820021BAAF /* Build configuration list for PBXNativeTarget "Sets" */ = {
			isa = XCConfigurationList;
			buildConfigurations = (
				5E4AE2232B0728820021BAAF /* Debug */,
				5E4AE2242B0728820021BAAF /* Release */,
			);
			defaultConfigurationIsVisible = 0;
			defaultConfigurationName = Release;
		};
		5E4AE2252B0728820021BAAF /* Build configuration list for PBXNativeTarget "SetsTests" */ = {
			isa = XCConfigurationList;
			buildConfigurations = (
				5E4AE2262B0728820021BAAF /* Debug */,
				5E4AE2272B0728820021BAAF /* Release */,
			);
			defaultConfigurationIsVisible = 0;
			defaultConfigurationName = Release;
		};
		5E4AE2282B0728820021BAAF /* Build configuration list for PBXNativeTarget "SetsUITests" */ = {
			isa = XCConfigurationList;
			buildConfigurations = (
				5E4AE2292B0728820021BAAF /* Debug */,
				5E4AE22A2B0728820021BAAF /* Release */,
			);
			defaultConfigurationIsVisible = 0;
			defaultConfigurationName = Release;
		};
/* End XCConfigurationList section */

/* Begin XCRemoteSwiftPackageReference section */
		5E4AE22F2B072D460021BAAF /* XCRemoteSwiftPackageReference "swift-algorithms" */ = {
			isa = XCRemoteSwiftPackageReference;
			repositoryURL = "https://github.com/apple/swift-algorithms.git";
			requirement = {
				kind = upToNextMajorVersion;
				minimumVersion = 1.0.0;
			};
		};
/* End XCRemoteSwiftPackageReference section */

/* Begin XCSwiftPackageProductDependency section */
		5E4AE2302B072D460021BAAF /* Algorithms */ = {
			isa = XCSwiftPackageProductDependency;
			package = 5E4AE22F2B072D460021BAAF /* XCRemoteSwiftPackageReference "swift-algorithms" */;
			productName = Algorithms;
		};
/* End XCSwiftPackageProductDependency section */

/* Begin XCVersionGroup section */
		5E4AE1FF2B0728810021BAAF /* Sets.xcdatamodeld */ = {
			isa = XCVersionGroup;
			children = (
				5E4AE2002B0728810021BAAF /* Sets.xcdatamodel */,
			);
			currentVersion = 5E4AE2002B0728810021BAAF /* Sets.xcdatamodel */;
			path = Sets.xcdatamodeld;
			sourceTree = "<group>";
			versionGroupType = wrapper.xcdatamodel;
		};
/* End XCVersionGroup section */
	};
	rootObject = 5E4AE1F02B0728810021BAAF /* Project object */;
}
